// !$*UTF8*$!
{
	archiveVersion = 1;
	classes = {
	};
	objectVersion = 50;
	objects = {

/* Begin PBXBuildFile section */
		C85586E728E42F1C00FF6F19 /* Assets.xcassets in Resources */ = {isa = PBXBuildFile; fileRef = C85586E628E42F1C00FF6F19 /* Assets.xcassets */; };
		C85586EA28E42F1C00FF6F19 /* LaunchScreen.storyboard in Resources */ = {isa = PBXBuildFile; fileRef = C85586E828E42F1C00FF6F19 /* LaunchScreen.storyboard */; };
		C85586F528E42F1C00FF6F19 /* NotificationObserverAppTests.swift in Sources */ = {isa = PBXBuildFile; fileRef = C85586F428E42F1C00FF6F19 /* NotificationObserverAppTests.swift */; };
		C855870028E42F1C00FF6F19 /* NotificationObserverAppUITests.swift in Sources */ = {isa = PBXBuildFile; fileRef = C85586FF28E42F1C00FF6F19 /* NotificationObserverAppUITests.swift */; };
		C8746FF428E5690F0055F635 /* Constant.swift in Sources */ = {isa = PBXBuildFile; fileRef = C8746FF228E5690F0055F635 /* Constant.swift */; };
		C8746FF528E5690F0055F635 /* Protocol.swift in Sources */ = {isa = PBXBuildFile; fileRef = C8746FF328E5690F0055F635 /* Protocol.swift */; };
		C8746FFB28E5694A0055F635 /* NetworkManager.swift in Sources */ = {isa = PBXBuildFile; fileRef = C8746FFA28E5694A0055F635 /* NetworkManager.swift */; };
		C874701628E56BAE0055F635 /* HomeViewModel.swift in Sources */ = {isa = PBXBuildFile; fileRef = C874700228E56BAE0055F635 /* HomeViewModel.swift */; };
		C874701728E56BAE0055F635 /* User.swift in Sources */ = {isa = PBXBuildFile; fileRef = C874700428E56BAE0055F635 /* User.swift */; };
		C874701828E56BAE0055F635 /* UserTableCell.xib in Resources */ = {isa = PBXBuildFile; fileRef = C874700728E56BAE0055F635 /* UserTableCell.xib */; };
		C874701928E56BAE0055F635 /* UserTableCell.swift in Sources */ = {isa = PBXBuildFile; fileRef = C874700828E56BAE0055F635 /* UserTableCell.swift */; };
		C874701A28E56BAE0055F635 /* Home.storyboard in Resources */ = {isa = PBXBuildFile; fileRef = C874700928E56BAE0055F635 /* Home.storyboard */; };
		C874701B28E56BAE0055F635 /* HomeVC.swift in Sources */ = {isa = PBXBuildFile; fileRef = C874700B28E56BAE0055F635 /* HomeVC.swift */; };
		C874701C28E56BAE0055F635 /* FavoriteViewModel.swift in Sources */ = {isa = PBXBuildFile; fileRef = C874700E28E56BAE0055F635 /* FavoriteViewModel.swift */; };
		C874701D28E56BAE0055F635 /* FavoriteTableCell.xib in Resources */ = {isa = PBXBuildFile; fileRef = C874701128E56BAE0055F635 /* FavoriteTableCell.xib */; };
		C874701E28E56BAE0055F635 /* FavoriteTableCell.swift in Sources */ = {isa = PBXBuildFile; fileRef = C874701228E56BAE0055F635 /* FavoriteTableCell.swift */; };
		C874701F28E56BAE0055F635 /* Favorite.storyboard in Resources */ = {isa = PBXBuildFile; fileRef = C874701328E56BAE0055F635 /* Favorite.storyboard */; };
		C874702028E56BAE0055F635 /* FavoriteVC.swift in Sources */ = {isa = PBXBuildFile; fileRef = C874701528E56BAE0055F635 /* FavoriteVC.swift */; };
		C874702728E56BCA0055F635 /* AppDelegate.swift in Sources */ = {isa = PBXBuildFile; fileRef = C874702528E56BCA0055F635 /* AppDelegate.swift */; };
		C874702828E56BCA0055F635 /* SceneDelegate.swift in Sources */ = {isa = PBXBuildFile; fileRef = C874702628E56BCA0055F635 /* SceneDelegate.swift */; };
/* End PBXBuildFile section */

/* Begin PBXContainerItemProxy section */
		C85586F128E42F1C00FF6F19 /* PBXContainerItemProxy */ = {
			isa = PBXContainerItemProxy;
			containerPortal = C85586D228E42F1A00FF6F19 /* Project object */;
			proxyType = 1;
			remoteGlobalIDString = C85586D928E42F1A00FF6F19;
			remoteInfo = NotificationObserverApp;
		};
		C85586FC28E42F1C00FF6F19 /* PBXContainerItemProxy */ = {
			isa = PBXContainerItemProxy;
			containerPortal = C85586D228E42F1A00FF6F19 /* Project object */;
			proxyType = 1;
			remoteGlobalIDString = C85586D928E42F1A00FF6F19;
			remoteInfo = NotificationObserverApp;
		};
/* End PBXContainerItemProxy section */

/* Begin PBXFileReference section */
		C85586DA28E42F1A00FF6F19 /* NotificationObserverApp.app */ = {isa = PBXFileReference; explicitFileType = wrapper.application; includeInIndex = 0; path = NotificationObserverApp.app; sourceTree = BUILT_PRODUCTS_DIR; };
		C85586E628E42F1C00FF6F19 /* Assets.xcassets */ = {isa = PBXFileReference; lastKnownFileType = folder.assetcatalog; path = Assets.xcassets; sourceTree = "<group>"; };
		C85586E928E42F1C00FF6F19 /* Base */ = {isa = PBXFileReference; lastKnownFileType = file.storyboard; name = Base; path = Base.lproj/LaunchScreen.storyboard; sourceTree = "<group>"; };
		C85586EB28E42F1C00FF6F19 /* Info.plist */ = {isa = PBXFileReference; lastKnownFileType = text.plist.xml; path = Info.plist; sourceTree = "<group>"; };
		C85586F028E42F1C00FF6F19 /* NotificationObserverAppTests.xctest */ = {isa = PBXFileReference; explicitFileType = wrapper.cfbundle; includeInIndex = 0; path = NotificationObserverAppTests.xctest; sourceTree = BUILT_PRODUCTS_DIR; };
		C85586F428E42F1C00FF6F19 /* NotificationObserverAppTests.swift */ = {isa = PBXFileReference; lastKnownFileType = sourcecode.swift; path = NotificationObserverAppTests.swift; sourceTree = "<group>"; };
		C85586F628E42F1C00FF6F19 /* Info.plist */ = {isa = PBXFileReference; lastKnownFileType = text.plist.xml; path = Info.plist; sourceTree = "<group>"; };
		C85586FB28E42F1C00FF6F19 /* NotificationObserverAppUITests.xctest */ = {isa = PBXFileReference; explicitFileType = wrapper.cfbundle; includeInIndex = 0; path = NotificationObserverAppUITests.xctest; sourceTree = BUILT_PRODUCTS_DIR; };
		C85586FF28E42F1C00FF6F19 /* NotificationObserverAppUITests.swift */ = {isa = PBXFileReference; lastKnownFileType = sourcecode.swift; path = NotificationObserverAppUITests.swift; sourceTree = "<group>"; };
		C855870128E42F1C00FF6F19 /* Info.plist */ = {isa = PBXFileReference; lastKnownFileType = text.plist.xml; path = Info.plist; sourceTree = "<group>"; };
		C8746FF228E5690F0055F635 /* Constant.swift */ = {isa = PBXFileReference; fileEncoding = 4; lastKnownFileType = sourcecode.swift; path = Constant.swift; sourceTree = "<group>"; };
		C8746FF328E5690F0055F635 /* Protocol.swift */ = {isa = PBXFileReference; fileEncoding = 4; lastKnownFileType = sourcecode.swift; path = Protocol.swift; sourceTree = "<group>"; };
		C8746FFA28E5694A0055F635 /* NetworkManager.swift */ = {isa = PBXFileReference; fileEncoding = 4; lastKnownFileType = sourcecode.swift; path = NetworkManager.swift; sourceTree = "<group>"; };
		C874700228E56BAE0055F635 /* HomeViewModel.swift */ = {isa = PBXFileReference; fileEncoding = 4; lastKnownFileType = sourcecode.swift; path = HomeViewModel.swift; sourceTree = "<group>"; };
		C874700428E56BAE0055F635 /* User.swift */ = {isa = PBXFileReference; fileEncoding = 4; lastKnownFileType = sourcecode.swift; path = User.swift; sourceTree = "<group>"; };
		C874700728E56BAE0055F635 /* UserTableCell.xib */ = {isa = PBXFileReference; fileEncoding = 4; lastKnownFileType = file.xib; path = UserTableCell.xib; sourceTree = "<group>"; };
		C874700828E56BAE0055F635 /* UserTableCell.swift */ = {isa = PBXFileReference; fileEncoding = 4; lastKnownFileType = sourcecode.swift; path = UserTableCell.swift; sourceTree = "<group>"; };
		C874700928E56BAE0055F635 /* Home.storyboard */ = {isa = PBXFileReference; fileEncoding = 4; lastKnownFileType = file.storyboard; path = Home.storyboard; sourceTree = "<group>"; };
		C874700B28E56BAE0055F635 /* HomeVC.swift */ = {isa = PBXFileReference; fileEncoding = 4; lastKnownFileType = sourcecode.swift; path = HomeVC.swift; sourceTree = "<group>"; };
		C874700E28E56BAE0055F635 /* FavoriteViewModel.swift */ = {isa = PBXFileReference; fileEncoding = 4; lastKnownFileType = sourcecode.swift; path = FavoriteViewModel.swift; sourceTree = "<group>"; };
		C874701128E56BAE0055F635 /* FavoriteTableCell.xib */ = {isa = PBXFileReference; fileEncoding = 4; lastKnownFileType = file.xib; path = FavoriteTableCell.xib; sourceTree = "<group>"; };
		C874701228E56BAE0055F635 /* FavoriteTableCell.swift */ = {isa = PBXFileReference; fileEncoding = 4; lastKnownFileType = sourcecode.swift; path = FavoriteTableCell.swift; sourceTree = "<group>"; };
		C874701328E56BAE0055F635 /* Favorite.storyboard */ = {isa = PBXFileReference; fileEncoding = 4; lastKnownFileType = file.storyboard; path = Favorite.storyboard; sourceTree = "<group>"; };
		C874701528E56BAE0055F635 /* FavoriteVC.swift */ = {isa = PBXFileReference; fileEncoding = 4; lastKnownFileType = sourcecode.swift; path = FavoriteVC.swift; sourceTree = "<group>"; };
		C874702528E56BCA0055F635 /* AppDelegate.swift */ = {isa = PBXFileReference; fileEncoding = 4; lastKnownFileType = sourcecode.swift; path = AppDelegate.swift; sourceTree = "<group>"; };
		C874702628E56BCA0055F635 /* SceneDelegate.swift */ = {isa = PBXFileReference; fileEncoding = 4; lastKnownFileType = sourcecode.swift; path = SceneDelegate.swift; sourceTree = "<group>"; };
/* End PBXFileReference section */

/* Begin PBXFrameworksBuildPhase section */
		C85586D728E42F1A00FF6F19 /* Frameworks */ = {
			isa = PBXFrameworksBuildPhase;
			buildActionMask = 2147483647;
			files = (
			);
			runOnlyForDeploymentPostprocessing = 0;
		};
		C85586ED28E42F1C00FF6F19 /* Frameworks */ = {
			isa = PBXFrameworksBuildPhase;
			buildActionMask = 2147483647;
			files = (
			);
			runOnlyForDeploymentPostprocessing = 0;
		};
		C85586F828E42F1C00FF6F19 /* Frameworks */ = {
			isa = PBXFrameworksBuildPhase;
			buildActionMask = 2147483647;
			files = (
			);
			runOnlyForDeploymentPostprocessing = 0;
		};
/* End PBXFrameworksBuildPhase section */

/* Begin PBXGroup section */
		C85586D128E42F1A00FF6F19 = {
			isa = PBXGroup;
			children = (
				C85586DC28E42F1A00FF6F19 /* NotificationObserverApp */,
				C85586F328E42F1C00FF6F19 /* NotificationObserverAppTests */,
				C85586FE28E42F1C00FF6F19 /* NotificationObserverAppUITests */,
				C85586DB28E42F1A00FF6F19 /* Products */,
			);
			sourceTree = "<group>";
		};
		C85586DB28E42F1A00FF6F19 /* Products */ = {
			isa = PBXGroup;
			children = (
				C85586DA28E42F1A00FF6F19 /* NotificationObserverApp.app */,
				C85586F028E42F1C00FF6F19 /* NotificationObserverAppTests.xctest */,
				C85586FB28E42F1C00FF6F19 /* NotificationObserverAppUITests.xctest */,
			);
			name = Products;
			sourceTree = "<group>";
		};
		C85586DC28E42F1A00FF6F19 /* NotificationObserverApp */ = {
			isa = PBXGroup;
			children = (
				C874702428E56BCA0055F635 /* Commen files */,
				C8746FFF28E56BAE0055F635 /* Modules */,
				C8746FF928E5694A0055F635 /* Networking */,
				C8746FF128E5690F0055F635 /* Helper */,
				C85586E628E42F1C00FF6F19 /* Assets.xcassets */,
				C85586E828E42F1C00FF6F19 /* LaunchScreen.storyboard */,
				C85586EB28E42F1C00FF6F19 /* Info.plist */,
			);
			path = NotificationObserverApp;
			sourceTree = "<group>";
		};
		C85586F328E42F1C00FF6F19 /* NotificationObserverAppTests */ = {
			isa = PBXGroup;
			children = (
				C85586F428E42F1C00FF6F19 /* NotificationObserverAppTests.swift */,
				C85586F628E42F1C00FF6F19 /* Info.plist */,
			);
			path = NotificationObserverAppTests;
			sourceTree = "<group>";
		};
		C85586FE28E42F1C00FF6F19 /* NotificationObserverAppUITests */ = {
			isa = PBXGroup;
			children = (
				C85586FF28E42F1C00FF6F19 /* NotificationObserverAppUITests.swift */,
				C855870128E42F1C00FF6F19 /* Info.plist */,
			);
			path = NotificationObserverAppUITests;
			sourceTree = "<group>";
		};
		C8746FF128E5690F0055F635 /* Helper */ = {
			isa = PBXGroup;
			children = (
				C8746FF228E5690F0055F635 /* Constant.swift */,
				C8746FF328E5690F0055F635 /* Protocol.swift */,
			);
			path = Helper;
			sourceTree = "<group>";
		};
		C8746FF928E5694A0055F635 /* Networking */ = {
			isa = PBXGroup;
			children = (
				C8746FFA28E5694A0055F635 /* NetworkManager.swift */,
			);
			path = Networking;
			sourceTree = "<group>";
		};
		C8746FFF28E56BAE0055F635 /* Modules */ = {
			isa = PBXGroup;
			children = (
				C874700028E56BAE0055F635 /* Home */,
				C874700C28E56BAE0055F635 /* Favorite */,
			);
			path = Modules;
			sourceTree = "<group>";
		};
		C874700028E56BAE0055F635 /* Home */ = {
			isa = PBXGroup;
			children = (
				C874700128E56BAE0055F635 /* ViewModel */,
				C874700328E56BAE0055F635 /* Model */,
				C874700528E56BAE0055F635 /* View */,
				C874700A28E56BAE0055F635 /* Controllers */,
			);
			path = Home;
			sourceTree = "<group>";
		};
		C874700128E56BAE0055F635 /* ViewModel */ = {
			isa = PBXGroup;
			children = (
				C874700228E56BAE0055F635 /* HomeViewModel.swift */,
			);
			path = ViewModel;
			sourceTree = "<group>";
		};
		C874700328E56BAE0055F635 /* Model */ = {
			isa = PBXGroup;
			children = (
				C874700428E56BAE0055F635 /* User.swift */,
			);
			path = Model;
			sourceTree = "<group>";
		};
		C874700528E56BAE0055F635 /* View */ = {
			isa = PBXGroup;
			children = (
				C874700628E56BAE0055F635 /* Cells */,
				C874700928E56BAE0055F635 /* Home.storyboard */,
			);
			path = View;
			sourceTree = "<group>";
		};
		C874700628E56BAE0055F635 /* Cells */ = {
			isa = PBXGroup;
			children = (
				C874700728E56BAE0055F635 /* UserTableCell.xib */,
				C874700828E56BAE0055F635 /* UserTableCell.swift */,
			);
			path = Cells;
			sourceTree = "<group>";
		};
		C874700A28E56BAE0055F635 /* Controllers */ = {
			isa = PBXGroup;
			children = (
				C874700B28E56BAE0055F635 /* HomeVC.swift */,
			);
			path = Controllers;
			sourceTree = "<group>";
		};
		C874700C28E56BAE0055F635 /* Favorite */ = {
			isa = PBXGroup;
			children = (
				C874700D28E56BAE0055F635 /* ViewModel */,
				C874700F28E56BAE0055F635 /* View */,
				C874701428E56BAE0055F635 /* Controllers */,
			);
			path = Favorite;
			sourceTree = "<group>";
		};
		C874700D28E56BAE0055F635 /* ViewModel */ = {
			isa = PBXGroup;
			children = (
				C874700E28E56BAE0055F635 /* FavoriteViewModel.swift */,
			);
			path = ViewModel;
			sourceTree = "<group>";
		};
		C874700F28E56BAE0055F635 /* View */ = {
			isa = PBXGroup;
			children = (
				C874701028E56BAE0055F635 /* Cells */,
				C874701328E56BAE0055F635 /* Favorite.storyboard */,
			);
			path = View;
			sourceTree = "<group>";
		};
		C874701028E56BAE0055F635 /* Cells */ = {
			isa = PBXGroup;
			children = (
				C874701128E56BAE0055F635 /* FavoriteTableCell.xib */,
				C874701228E56BAE0055F635 /* FavoriteTableCell.swift */,
			);
			path = Cells;
			sourceTree = "<group>";
		};
		C874701428E56BAE0055F635 /* Controllers */ = {
			isa = PBXGroup;
			children = (
				C874701528E56BAE0055F635 /* FavoriteVC.swift */,
			);
			path = Controllers;
			sourceTree = "<group>";
		};
		C874702428E56BCA0055F635 /* Commen files */ = {
			isa = PBXGroup;
			children = (
				C874702528E56BCA0055F635 /* AppDelegate.swift */,
				C874702628E56BCA0055F635 /* SceneDelegate.swift */,
			);
			path = "Commen files";
			sourceTree = "<group>";
		};
/* End PBXGroup section */

/* Begin PBXNativeTarget section */
		C85586D928E42F1A00FF6F19 /* NotificationObserverApp */ = {
			isa = PBXNativeTarget;
			buildConfigurationList = C855870428E42F1C00FF6F19 /* Build configuration list for PBXNativeTarget "NotificationObserverApp" */;
			buildPhases = (
				C85586D628E42F1A00FF6F19 /* Sources */,
				C85586D728E42F1A00FF6F19 /* Frameworks */,
				C85586D828E42F1A00FF6F19 /* Resources */,
			);
			buildRules = (
			);
			dependencies = (
			);
			name = NotificationObserverApp;
			productName = NotificationObserverApp;
			productReference = C85586DA28E42F1A00FF6F19 /* NotificationObserverApp.app */;
			productType = "com.apple.product-type.application";
		};
		C85586EF28E42F1C00FF6F19 /* NotificationObserverAppTests */ = {
			isa = PBXNativeTarget;
			buildConfigurationList = C855870728E42F1C00FF6F19 /* Build configuration list for PBXNativeTarget "NotificationObserverAppTests" */;
			buildPhases = (
				C85586EC28E42F1C00FF6F19 /* Sources */,
				C85586ED28E42F1C00FF6F19 /* Frameworks */,
				C85586EE28E42F1C00FF6F19 /* Resources */,
			);
			buildRules = (
			);
			dependencies = (
				C85586F228E42F1C00FF6F19 /* PBXTargetDependency */,
			);
			name = NotificationObserverAppTests;
			productName = NotificationObserverAppTests;
			productReference = C85586F028E42F1C00FF6F19 /* NotificationObserverAppTests.xctest */;
			productType = "com.apple.product-type.bundle.unit-test";
		};
		C85586FA28E42F1C00FF6F19 /* NotificationObserverAppUITests */ = {
			isa = PBXNativeTarget;
			buildConfigurationList = C855870A28E42F1C00FF6F19 /* Build configuration list for PBXNativeTarget "NotificationObserverAppUITests" */;
			buildPhases = (
				C85586F728E42F1C00FF6F19 /* Sources */,
				C85586F828E42F1C00FF6F19 /* Frameworks */,
				C85586F928E42F1C00FF6F19 /* Resources */,
			);
			buildRules = (
			);
			dependencies = (
				C85586FD28E42F1C00FF6F19 /* PBXTargetDependency */,
			);
			name = NotificationObserverAppUITests;
			productName = NotificationObserverAppUITests;
			productReference = C85586FB28E42F1C00FF6F19 /* NotificationObserverAppUITests.xctest */;
			productType = "com.apple.product-type.bundle.ui-testing";
		};
/* End PBXNativeTarget section */

/* Begin PBXProject section */
		C85586D228E42F1A00FF6F19 /* Project object */ = {
			isa = PBXProject;
			attributes = {
				LastSwiftUpdateCheck = 1240;
				LastUpgradeCheck = 1240;
				TargetAttributes = {
					C85586D928E42F1A00FF6F19 = {
						CreatedOnToolsVersion = 12.4;
					};
					C85586EF28E42F1C00FF6F19 = {
						CreatedOnToolsVersion = 12.4;
						TestTargetID = C85586D928E42F1A00FF6F19;
					};
					C85586FA28E42F1C00FF6F19 = {
						CreatedOnToolsVersion = 12.4;
						TestTargetID = C85586D928E42F1A00FF6F19;
					};
				};
			};
			buildConfigurationList = C85586D528E42F1A00FF6F19 /* Build configuration list for PBXProject "NotificationObserverApp" */;
			compatibilityVersion = "Xcode 9.3";
			developmentRegion = en;
			hasScannedForEncodings = 0;
			knownRegions = (
				en,
				Base,
			);
			mainGroup = C85586D128E42F1A00FF6F19;
			productRefGroup = C85586DB28E42F1A00FF6F19 /* Products */;
			projectDirPath = "";
			projectRoot = "";
			targets = (
				C85586D928E42F1A00FF6F19 /* NotificationObserverApp */,
				C85586EF28E42F1C00FF6F19 /* NotificationObserverAppTests */,
				C85586FA28E42F1C00FF6F19 /* NotificationObserverAppUITests */,
			);
		};
/* End PBXProject section */

/* Begin PBXResourcesBuildPhase section */
		C85586D828E42F1A00FF6F19 /* Resources */ = {
			isa = PBXResourcesBuildPhase;
			buildActionMask = 2147483647;
			files = (
				C85586EA28E42F1C00FF6F19 /* LaunchScreen.storyboard in Resources */,
				C874701828E56BAE0055F635 /* UserTableCell.xib in Resources */,
				C874701F28E56BAE0055F635 /* Favorite.storyboard in Resources */,
				C85586E728E42F1C00FF6F19 /* Assets.xcassets in Resources */,
				C874701D28E56BAE0055F635 /* FavoriteTableCell.xib in Resources */,
				C874701A28E56BAE0055F635 /* Home.storyboard in Resources */,
			);
			runOnlyForDeploymentPostprocessing = 0;
		};
		C85586EE28E42F1C00FF6F19 /* Resources */ = {
			isa = PBXResourcesBuildPhase;
			buildActionMask = 2147483647;
			files = (
			);
			runOnlyForDeploymentPostprocessing = 0;
		};
		C85586F928E42F1C00FF6F19 /* Resources */ = {
			isa = PBXResourcesBuildPhase;
			buildActionMask = 2147483647;
			files = (
			);
			runOnlyForDeploymentPostprocessing = 0;
		};
/* End PBXResourcesBuildPhase section */

/* Begin PBXSourcesBuildPhase section */
		C85586D628E42F1A00FF6F19 /* Sources */ = {
			isa = PBXSourcesBuildPhase;
			buildActionMask = 2147483647;
			files = (
				C874702728E56BCA0055F635 /* AppDelegate.swift in Sources */,
				C8746FFB28E5694A0055F635 /* NetworkManager.swift in Sources */,
				C874701628E56BAE0055F635 /* HomeViewModel.swift in Sources */,
				C874701B28E56BAE0055F635 /* HomeVC.swift in Sources */,
				C874702028E56BAE0055F635 /* FavoriteVC.swift in Sources */,
				C8746FF428E5690F0055F635 /* Constant.swift in Sources */,
				C874701928E56BAE0055F635 /* UserTableCell.swift in Sources */,
				C8746FF528E5690F0055F635 /* Protocol.swift in Sources */,
				C874701E28E56BAE0055F635 /* FavoriteTableCell.swift in Sources */,
				C874701C28E56BAE0055F635 /* FavoriteViewModel.swift in Sources */,
				C874701728E56BAE0055F635 /* User.swift in Sources */,
				C874702828E56BCA0055F635 /* SceneDelegate.swift in Sources */,
			);
			runOnlyForDeploymentPostprocessing = 0;
		};
		C85586EC28E42F1C00FF6F19 /* Sources */ = {
			isa = PBXSourcesBuildPhase;
			buildActionMask = 2147483647;
			files = (
				C85586F528E42F1C00FF6F19 /* NotificationObserverAppTests.swift in Sources */,
			);
			runOnlyForDeploymentPostprocessing = 0;
		};
		C85586F728E42F1C00FF6F19 /* Sources */ = {
			isa = PBXSourcesBuildPhase;
			buildActionMask = 2147483647;
			files = (
				C855870028E42F1C00FF6F19 /* NotificationObserverAppUITests.swift in Sources */,
			);
			runOnlyForDeploymentPostprocessing = 0;
		};
/* End PBXSourcesBuildPhase section */

/* Begin PBXTargetDependency section */
		C85586F228E42F1C00FF6F19 /* PBXTargetDependency */ = {
			isa = PBXTargetDependency;
			target = C85586D928E42F1A00FF6F19 /* NotificationObserverApp */;
			targetProxy = C85586F128E42F1C00FF6F19 /* PBXContainerItemProxy */;
		};
		C85586FD28E42F1C00FF6F19 /* PBXTargetDependency */ = {
			isa = PBXTargetDependency;
			target = C85586D928E42F1A00FF6F19 /* NotificationObserverApp */;
			targetProxy = C85586FC28E42F1C00FF6F19 /* PBXContainerItemProxy */;
		};
/* End PBXTargetDependency section */

/* Begin PBXVariantGroup section */
		C85586E828E42F1C00FF6F19 /* LaunchScreen.storyboard */ = {
			isa = PBXVariantGroup;
			children = (
				C85586E928E42F1C00FF6F19 /* Base */,
			);
			name = LaunchScreen.storyboard;
			sourceTree = "<group>";
		};
/* End PBXVariantGroup section */

/* Begin XCBuildConfiguration section */
		C855870228E42F1C00FF6F19 /* Debug */ = {
			isa = XCBuildConfiguration;
			buildSettings = {
				ALWAYS_SEARCH_USER_PATHS = NO;
				CLANG_ANALYZER_NONNULL = YES;
				CLANG_ANALYZER_NUMBER_OBJECT_CONVERSION = YES_AGGRESSIVE;
				CLANG_CXX_LANGUAGE_STANDARD = "gnu++14";
				CLANG_CXX_LIBRARY = "libc++";
				CLANG_ENABLE_MODULES = YES;
				CLANG_ENABLE_OBJC_ARC = YES;
				CLANG_ENABLE_OBJC_WEAK = YES;
				CLANG_WARN_BLOCK_CAPTURE_AUTORELEASING = YES;
				CLANG_WARN_BOOL_CONVERSION = YES;
				CLANG_WARN_COMMA = YES;
				CLANG_WARN_CONSTANT_CONVERSION = YES;
				CLANG_WARN_DEPRECATED_OBJC_IMPLEMENTATIONS = YES;
				CLANG_WARN_DIRECT_OBJC_ISA_USAGE = YES_ERROR;
				CLANG_WARN_DOCUMENTATION_COMMENTS = YES;
				CLANG_WARN_EMPTY_BODY = YES;
				CLANG_WARN_ENUM_CONVERSION = YES;
				CLANG_WARN_INFINITE_RECURSION = YES;
				CLANG_WARN_INT_CONVERSION = YES;
				CLANG_WARN_NON_LITERAL_NULL_CONVERSION = YES;
				CLANG_WARN_OBJC_IMPLICIT_RETAIN_SELF = YES;
				CLANG_WARN_OBJC_LITERAL_CONVERSION = YES;
				CLANG_WARN_OBJC_ROOT_CLASS = YES_ERROR;
				CLANG_WARN_QUOTED_INCLUDE_IN_FRAMEWORK_HEADER = YES;
				CLANG_WARN_RANGE_LOOP_ANALYSIS = YES;
				CLANG_WARN_STRICT_PROTOTYPES = YES;
				CLANG_WARN_SUSPICIOUS_MOVE = YES;
				CLANG_WARN_UNGUARDED_AVAILABILITY = YES_AGGRESSIVE;
				CLANG_WARN_UNREACHABLE_CODE = YES;
				CLANG_WARN__DUPLICATE_METHOD_MATCH = YES;
				COPY_PHASE_STRIP = NO;
				DEBUG_INFORMATION_FORMAT = dwarf;
				ENABLE_STRICT_OBJC_MSGSEND = YES;
				ENABLE_TESTABILITY = YES;
				GCC_C_LANGUAGE_STANDARD = gnu11;
				GCC_DYNAMIC_NO_PIC = NO;
				GCC_NO_COMMON_BLOCKS = YES;
				GCC_OPTIMIZATION_LEVEL = 0;
				GCC_PREPROCESSOR_DEFINITIONS = (
					"DEBUG=1",
					"$(inherited)",
				);
				GCC_WARN_64_TO_32_BIT_CONVERSION = YES;
				GCC_WARN_ABOUT_RETURN_TYPE = YES_ERROR;
				GCC_WARN_UNDECLARED_SELECTOR = YES;
				GCC_WARN_UNINITIALIZED_AUTOS = YES_AGGRESSIVE;
				GCC_WARN_UNUSED_FUNCTION = YES;
				GCC_WARN_UNUSED_VARIABLE = YES;
				IPHONEOS_DEPLOYMENT_TARGET = 14.4;
				MTL_ENABLE_DEBUG_INFO = INCLUDE_SOURCE;
				MTL_FAST_MATH = YES;
				ONLY_ACTIVE_ARCH = YES;
				SDKROOT = iphoneos;
				SWIFT_ACTIVE_COMPILATION_CONDITIONS = DEBUG;
				SWIFT_OPTIMIZATION_LEVEL = "-Onone";
			};
			name = Debug;
		};
		C855870328E42F1C00FF6F19 /* Release */ = {
			isa = XCBuildConfiguration;
			buildSettings = {
				ALWAYS_SEARCH_USER_PATHS = NO;
				CLANG_ANALYZER_NONNULL = YES;
				CLANG_ANALYZER_NUMBER_OBJECT_CONVERSION = YES_AGGRESSIVE;
				CLANG_CXX_LANGUAGE_STANDARD = "gnu++14";
				CLANG_CXX_LIBRARY = "libc++";
				CLANG_ENABLE_MODULES = YES;
				CLANG_ENABLE_OBJC_ARC = YES;
				CLANG_ENABLE_OBJC_WEAK = YES;
				CLANG_WARN_BLOCK_CAPTURE_AUTORELEASING = YES;
				CLANG_WARN_BOOL_CONVERSION = YES;
				CLANG_WARN_COMMA = YES;
				CLANG_WARN_CONSTANT_CONVERSION = YES;
				CLANG_WARN_DEPRECATED_OBJC_IMPLEMENTATIONS = YES;
				CLANG_WARN_DIRECT_OBJC_ISA_USAGE = YES_ERROR;
				CLANG_WARN_DOCUMENTATION_COMMENTS = YES;
				CLANG_WARN_EMPTY_BODY = YES;
				CLANG_WARN_ENUM_CONVERSION = YES;
				CLANG_WARN_INFINITE_RECURSION = YES;
				CLANG_WARN_INT_CONVERSION = YES;
				CLANG_WARN_NON_LITERAL_NULL_CONVERSION = YES;
				CLANG_WARN_OBJC_IMPLICIT_RETAIN_SELF = YES;
				CLANG_WARN_OBJC_LITERAL_CONVERSION = YES;
				CLANG_WARN_OBJC_ROOT_CLASS = YES_ERROR;
				CLANG_WARN_QUOTED_INCLUDE_IN_FRAMEWORK_HEADER = YES;
				CLANG_WARN_RANGE_LOOP_ANALYSIS = YES;
				CLANG_WARN_STRICT_PROTOTYPES = YES;
				CLANG_WARN_SUSPICIOUS_MOVE = YES;
				CLANG_WARN_UNGUARDED_AVAILABILITY = YES_AGGRESSIVE;
				CLANG_WARN_UNREACHABLE_CODE = YES;
				CLANG_WARN__DUPLICATE_METHOD_MATCH = YES;
				COPY_PHASE_STRIP = NO;
				DEBUG_INFORMATION_FORMAT = "dwarf-with-dsym";
				ENABLE_NS_ASSERTIONS = NO;
				ENABLE_STRICT_OBJC_MSGSEND = YES;
				GCC_C_LANGUAGE_STANDARD = gnu11;
				GCC_NO_COMMON_BLOCKS = YES;
				GCC_WARN_64_TO_32_BIT_CONVERSION = YES;
				GCC_WARN_ABOUT_RETURN_TYPE = YES_ERROR;
				GCC_WARN_UNDECLARED_SELECTOR = YES;
				GCC_WARN_UNINITIALIZED_AUTOS = YES_AGGRESSIVE;
				GCC_WARN_UNUSED_FUNCTION = YES;
				GCC_WARN_UNUSED_VARIABLE = YES;
				IPHONEOS_DEPLOYMENT_TARGET = 14.4;
				MTL_ENABLE_DEBUG_INFO = NO;
				MTL_FAST_MATH = YES;
				SDKROOT = iphoneos;
				SWIFT_COMPILATION_MODE = wholemodule;
				SWIFT_OPTIMIZATION_LEVEL = "-O";
				VALIDATE_PRODUCT = YES;
			};
			name = Release;
		};
		C855870528E42F1C00FF6F19 /* Debug */ = {
			isa = XCBuildConfiguration;
			buildSettings = {
				ASSETCATALOG_COMPILER_APPICON_NAME = AppIcon;
				ASSETCATALOG_COMPILER_GLOBAL_ACCENT_COLOR_NAME = AccentColor;
				CODE_SIGN_STYLE = Automatic;
				INFOPLIST_FILE = NotificationObserverApp/Info.plist;
				LD_RUNPATH_SEARCH_PATHS = (
					"$(inherited)",
					"@executable_path/Frameworks",
				);
				PRODUCT_BUNDLE_IDENTIFIER = com.thinkitive.NotificationObserverApp;
				PRODUCT_NAME = "$(TARGET_NAME)";
				SWIFT_VERSION = 5.0;
				TARGETED_DEVICE_FAMILY = "1,2";
			};
			name = Debug;
		};
		C855870628E42F1C00FF6F19 /* Release */ = {
			isa = XCBuildConfiguration;
			buildSettings = {
				ASSETCATALOG_COMPILER_APPICON_NAME = AppIcon;
				ASSETCATALOG_COMPILER_GLOBAL_ACCENT_COLOR_NAME = AccentColor;
				CODE_SIGN_STYLE = Automatic;
				INFOPLIST_FILE = NotificationObserverApp/Info.plist;
				LD_RUNPATH_SEARCH_PATHS = (
					"$(inherited)",
					"@executable_path/Frameworks",
				);
				PRODUCT_BUNDLE_IDENTIFIER = com.thinkitive.NotificationObserverApp;
				PRODUCT_NAME = "$(TARGET_NAME)";
				SWIFT_VERSION = 5.0;
				TARGETED_DEVICE_FAMILY = "1,2";
			};
			name = Release;
		};
		C855870828E42F1C00FF6F19 /* Debug */ = {
			isa = XCBuildConfiguration;
			buildSettings = {
				ALWAYS_EMBED_SWIFT_STANDARD_LIBRARIES = YES;
				BUNDLE_LOADER = "$(TEST_HOST)";
				CODE_SIGN_STYLE = Automatic;
				INFOPLIST_FILE = NotificationObserverAppTests/Info.plist;
				IPHONEOS_DEPLOYMENT_TARGET = 14.4;
				LD_RUNPATH_SEARCH_PATHS = (
					"$(inherited)",
					"@executable_path/Frameworks",
					"@loader_path/Frameworks",
				);
				PRODUCT_BUNDLE_IDENTIFIER = com.thinkitive.NotificationObserverAppTests;
				PRODUCT_NAME = "$(TARGET_NAME)";
				SWIFT_VERSION = 5.0;
				TARGETED_DEVICE_FAMILY = "1,2";
				TEST_HOST = "$(BUILT_PRODUCTS_DIR)/NotificationObserverApp.app/NotificationObserverApp";
			};
			name = Debug;
		};
		C855870928E42F1C00FF6F19 /* Release */ = {
			isa = XCBuildConfiguration;
			buildSettings = {
				ALWAYS_EMBED_SWIFT_STANDARD_LIBRARIES = YES;
				BUNDLE_LOADER = "$(TEST_HOST)";
				CODE_SIGN_STYLE = Automatic;
				INFOPLIST_FILE = NotificationObserverAppTests/Info.plist;
				IPHONEOS_DEPLOYMENT_TARGET = 14.4;
				LD_RUNPATH_SEARCH_PATHS = (
					"$(inherited)",
					"@executable_path/Frameworks",
					"@loader_path/Frameworks",
				);
				PRODUCT_BUNDLE_IDENTIFIER = com.thinkitive.NotificationObserverAppTests;
				PRODUCT_NAME = "$(TARGET_NAME)";
				SWIFT_VERSION = 5.0;
				TARGETED_DEVICE_FAMILY = "1,2";
				TEST_HOST = "$(BUILT_PRODUCTS_DIR)/NotificationObserverApp.app/NotificationObserverApp";
			};
			name = Release;
		};
		C855870B28E42F1C00FF6F19 /* Debug */ = {
			isa = XCBuildConfiguration;
			buildSettings = {
				ALWAYS_EMBED_SWIFT_STANDARD_LIBRARIES = YES;
				CODE_SIGN_STYLE = Automatic;
				INFOPLIST_FILE = NotificationObserverAppUITests/Info.plist;
				LD_RUNPATH_SEARCH_PATHS = (
					"$(inherited)",
					"@executable_path/Frameworks",
					"@loader_path/Frameworks",
				);
				PRODUCT_BUNDLE_IDENTIFIER = com.thinkitive.NotificationObserverAppUITests;
				PRODUCT_NAME = "$(TARGET_NAME)";
				SWIFT_VERSION = 5.0;
				TARGETED_DEVICE_FAMILY = "1,2";
				TEST_TARGET_NAME = NotificationObserverApp;
			};
			name = Debug;
		};
		C855870C28E42F1C00FF6F19 /* Release */ = {
			isa = XCBuildConfiguration;
			buildSettings = {
				ALWAYS_EMBED_SWIFT_STANDARD_LIBRARIES = YES;
				CODE_SIGN_STYLE = Automatic;
				INFOPLIST_FILE = NotificationObserverAppUITests/Info.plist;
				LD_RUNPATH_SEARCH_PATHS = (
					"$(inherited)",
					"@executable_path/Frameworks",
					"@loader_path/Frameworks",
				);
				PRODUCT_BUNDLE_IDENTIFIER = com.thinkitive.NotificationObserverAppUITests;
				PRODUCT_NAME = "$(TARGET_NAME)";
				SWIFT_VERSION = 5.0;
				TARGETED_DEVICE_FAMILY = "1,2";
				TEST_TARGET_NAME = NotificationObserverApp;
			};
			name = Release;
		};
/* End XCBuildConfiguration section */

/* Begin XCConfigurationList section */
		C85586D528E42F1A00FF6F19 /* Build configuration list for PBXProject "NotificationObserverApp" */ = {
			isa = XCConfigurationList;
			buildConfigurations = (
				C855870228E42F1C00FF6F19 /* Debug */,
				C855870328E42F1C00FF6F19 /* Release */,
			);
			defaultConfigurationIsVisible = 0;
			defaultConfigurationName = Release;
		};
		C855870428E42F1C00FF6F19 /* Build configuration list for PBXNativeTarget "NotificationObserverApp" */ = {
			isa = XCConfigurationList;
			buildConfigurations = (
				C855870528E42F1C00FF6F19 /* Debug */,
				C855870628E42F1C00FF6F19 /* Release */,
			);
			defaultConfigurationIsVisible = 0;
			defaultConfigurationName = Release;
		};
		C855870728E42F1C00FF6F19 /* Build configuration list for PBXNativeTarget "NotificationObserverAppTests" */ = {
			isa = XCConfigurationList;
			buildConfigurations = (
				C855870828E42F1C00FF6F19 /* Debug */,
				C855870928E42F1C00FF6F19 /* Release */,
			);
			defaultConfigurationIsVisible = 0;
			defaultConfigurationName = Release;
		};
		C855870A28E42F1C00FF6F19 /* Build configuration list for PBXNativeTarget "NotificationObserverAppUITests" */ = {
			isa = XCConfigurationList;
			buildConfigurations = (
				C855870B28E42F1C00FF6F19 /* Debug */,
				C855870C28E42F1C00FF6F19 /* Release */,
			);
			defaultConfigurationIsVisible = 0;
			defaultConfigurationName = Release;
		};
/* End XCConfigurationList section */
	};
	rootObject = C85586D228E42F1A00FF6F19 /* Project object */;
}
